{
    "_readme": [
        "This file locks the dependencies of your project to a known state",
        "Read more about it at http://getcomposer.org/doc/01-basic-usage.md#composer-lock-the-lock-file",
        "This file is @generated automatically"
    ],
    "hash": "88a50e56660075221c6c5cc0e244b1ea",
    "packages": [
        {
            "name": "chrisboulton/php-resque",
            "version": "dev-master",
            "source": {
                "type": "git",
                "url": "https://github.com/robertblackwell/php-resque.git",
                "reference": "4236c3cf51c7099c04b6840ed2ac499d04f4707a"
            },
            "require": {
                "colinmollenhour/credis": "~1.2",
                "ext-pcntl": "*",
                "php": ">=5.3.0",
                "psr/log": "1.0.0"
            },
            "require-dev": {
                "phpunit/phpunit": "3.7.*"
            },
            "suggest": {
                "ext-proctitle": "Allows php-resque to rename the title of UNIX processes to show the status of a worker.",
                "ext-redis": "Native PHP extension for Redis connectivity. Credis will automatically utilize when available."
            },
            "bin": [
                "bin/resque"
            ],
            "type": "library",
            "autoload": {
                "psr-0": {
                    "Resque": "lib"
                }
            },
            "license": [
                "MIT"
            ],
            "authors": [
                {
                    "name": "Chris Boulton",
                    "email": "chris@bigcommerce.com"
                }
            ],
            "description": "Redis backed library for creating background jobs and processing them later. Based on resque for Ruby.",
            "homepage": "http://www.github.com/chrisboulton/php-resque/",
            "keywords": [
                "background",
                "job",
                "redis",
                "resque"
            ],
            "time": "2015-03-01 22:34:21"
        },
        {
            "name": "colinmollenhour/credis",
            "version": "1.5",
            "source": {
                "type": "git",
                "url": "https://github.com/colinmollenhour/credis.git",
                "reference": "7bd47b61fc3dad28aa881de45c71026256ad27cc"
            },
            "dist": {
                "type": "zip",
                "url": "https://api.github.com/repos/colinmollenhour/credis/zipball/7bd47b61fc3dad28aa881de45c71026256ad27cc",
                "reference": "7bd47b61fc3dad28aa881de45c71026256ad27cc",
                "shasum": ""
            },
            "require": {
                "php": ">=5.3.0"
            },
            "type": "library",
            "autoload": {
                "classmap": [
                    "Client.php",
                    "Cluster.php",
                    "Sentinel.php"
                ]
            },
            "notification-url": "https://packagist.org/downloads/",
            "license": [
                "MIT"
            ],
            "authors": [
                {
                    "name": "Colin Mollenhour",
                    "email": "colin@mollenhour.com"
                }
            ],
            "description": "Credis is a lightweight interface to the Redis key-value store which wraps the phpredis library when available for better performance.",
            "homepage": "https://github.com/colinmollenhour/credis",
            "time": "2014-11-13 18:40:25"
        },
        {
            "name": "psr/log",
            "version": "1.0.0",
            "source": {
                "type": "git",
                "url": "https://github.com/php-fig/log.git",
                "reference": "fe0936ee26643249e916849d48e3a51d5f5e278b"
            },
            "dist": {
                "type": "zip",
                "url": "https://api.github.com/repos/php-fig/log/zipball/fe0936ee26643249e916849d48e3a51d5f5e278b",
                "reference": "fe0936ee26643249e916849d48e3a51d5f5e278b",
                "shasum": ""
            },
            "type": "library",
            "autoload": {
                "psr-0": {
                    "Psr\\Log\\": ""
                }
            },
            "notification-url": "https://packagist.org/downloads/",
            "license": [
                "MIT"
            ],
            "authors": [
                {
                    "name": "PHP-FIG",
                    "homepage": "http://www.php-fig.org/"
                }
            ],
            "description": "Common interface for logging libraries",
            "keywords": [
                "log",
                "psr",
                "psr-3"
            ],
            "time": "2012-12-21 11:40:51"
        },
        {
            "name": "symfony/console",
            "version": "dev-master",
            "target-dir": "Symfony/Component/Console",
            "source": {
                "type": "git",
                "url": "https://github.com/symfony/Console.git",
                "reference": "24ae5a4304aab91195feccb3c918c4c6748e63d2"
            },
            "dist": {
                "type": "zip",
                "url": "https://api.github.com/repos/symfony/Console/zipball/24ae5a4304aab91195feccb3c918c4c6748e63d2",
                "reference": "24ae5a4304aab91195feccb3c918c4c6748e63d2",
                "shasum": ""
            },
            "require": {
                "php": ">=5.5.9"
            },
            "require-dev": {
                "psr/log": "~1.0",
                "symfony/event-dispatcher": "~2.7|~3.0",
                "symfony/phpunit-bridge": "~2.7|~3.0",
                "symfony/process": "~2.7|~3.0"
            },
            "suggest": {
                "psr/log": "For using the console logger",
                "symfony/event-dispatcher": "",
                "symfony/process": ""
            },
            "type": "library",
            "extra": {
                "branch-alias": {
                    "dev-master": "3.0-dev"
                }
            },
            "autoload": {
                "psr-0": {
                    "Symfony\\Component\\Console\\": ""
                }
            },
            "notification-url": "https://packagist.org/downloads/",
            "license": [
                "MIT"
            ],
            "authors": [
                {
                    "name": "Symfony Community",
                    "homepage": "http://symfony.com/contributors"
                },
                {
                    "name": "Fabien Potencier",
                    "email": "fabien@symfony.com"
                }
            ],
            "description": "Symfony Console Component",
            "homepage": "http://symfony.com",
            "time": "2015-02-24 12:15:02"
        }
    ],
    "packages-dev": [],
    "aliases": [],
    "minimum-stability": "stable",
    "stability-flags": {
        "chrisboulton/php-resque": 20,
        "symfony/console": 20
    },
    "prefer-stable": false,
    "prefer-lowest": false,
    "platform": {
        "php": ">=5.5.0",
        "ext-curl": "*",
        "ext-ev": "*",
        "ext-hash": "*",
        "ext-json": "*",
        "ext-mcrypt": "*",
        "ext-mysql": "*",
        "ext-mysqli": "*",
        "ext-openssl": "*",
        "ext-pcntl": "*",
        "ext-pcre": "*",
        "ext-phar": "*",
        "ext-pdo_mysql": "*",
        "ext-redis": "*",
        "ext-reflection": "*",
        "ext-xdebug": "*",
        "ext-zip": "*"
    },
    "platform-dev": []
}
